
Microsoft Visual Studio Solution File, Format Version 12.00
# Visual Studio Version 17
VisualStudioVersion = 17.1.32319.34
MinimumVisualStudioVersion = 10.0.40219.1
Project("{2150E333-8FDC-42A3-9474-1A3956D46DE8}") = "src", "src", "{20EDE552-B1C9-4B8A-9D2C-A8831ED89586}"
EndProject
Project("{2150E333-8FDC-42A3-9474-1A3956D46DE8}") = "tests", "tests", "{051F1028-8EC4-403B-80E9-018846CBA1E9}"
EndProject
Project("{9A19103F-16F7-4668-BE54-9A1E7A4F7556}") = "NUnitTest", "tests\NUnitTest\NUnitTest.csproj", "{3836AC1B-F359-4729-BAD6-F80C78C8AA97}"
EndProject
Project("{9A19103F-16F7-4668-BE54-9A1E7A4F7556}") = "Dncy.Tools.SnowFlake", "src\Dncy.SnowFlake\Dncy.Tools.SnowFlake.csproj", "{E2E375DE-F5F4-446D-9FED-41924CA27406}"
EndProject
Project("{9A19103F-16F7-4668-BE54-9A1E7A4F7556}") = "Dncy.Tools.Core", "src\Dncy.Tools.Core\Dncy.Tools.Core.csproj", "{CDDA46D2-504F-4982-B4C9-FB03E0B2CE53}"
EndProject
Project("{9A19103F-16F7-4668-BE54-9A1E7A4F7556}") = "Dncy.Tools.Security", "src\Dncy.Security\Dncy.Tools.Security.csproj", "{5A77B3B0-5E40-43AC-935B-BAABC66754DE}"
EndProject
Project("{9A19103F-16F7-4668-BE54-9A1E7A4F7556}") = "Dncy.Tools.Media", "src\Dncy.Tools.Media\Dncy.Tools.Media.csproj", "{45F757B3-9594-4F58-957D-DB1943D1EB88}"
EndProject
Project("{9A19103F-16F7-4668-BE54-9A1E7A4F7556}") = "Dncy.Tools.RichText", "src\Dncy.Tools.RichText\Dncy.Tools.RichText.csproj", "{BEEDBEDD-B6B8-44D0-B8B6-16D237BE0B49}"
EndProject
Project("{9A19103F-16F7-4668-BE54-9A1E7A4F7556}") = "Dncy.Tools.Collection.Generic", "src\Dncy.Tools.Collection.Generic\Dncy.Tools.Collection.Generic.csproj", "{4B1B9D44-37B8-4948-A1C2-8AC3B1C113F7}"
EndProject
Project("{9A19103F-16F7-4668-BE54-9A1E7A4F7556}") = "Dncy.Tools.Files", "src\Dncy.Tools.Files\Dncy.Tools.Files.csproj", "{C72C0428-9AC2-4E98-998C-A072971FA040}"
EndProject
Project("{9A19103F-16F7-4668-BE54-9A1E7A4F7556}") = "DIGeneratorTest", "tests\DIGeneratorTest\DIGeneratorTest.csproj", "{FB7C0FBE-B8D0-475E-BF74-DE90DA0E9FFA}"
EndProject
Project("{9A19103F-16F7-4668-BE54-9A1E7A4F7556}") = "Dncy.Tools.Excel", "src\Dncy.Tools.Excel\Dncy.Tools.Excel.csproj", "{8A61915C-0F97-49AA-AB3F-036B07FE7104}"
EndProject
Project("{FAE04EC0-301F-11D3-BF4B-00C04F79EFBC}") = "DncyExcelTest", "tests\DncyExcelTest\DncyExcelTest.csproj", "{E1C29C66-4D1A-4B67-AD52-9A4380438421}"
EndProject
Global
	GlobalSection(SolutionConfigurationPlatforms) = preSolution
		Debug|Any CPU = Debug|Any CPU
		Release|Any CPU = Release|Any CPU
	EndGlobalSection
	GlobalSection(ProjectConfigurationPlatforms) = postSolution
		{3836AC1B-F359-4729-BAD6-F80C78C8AA97}.Debug|Any CPU.ActiveCfg = Debug|Any CPU
		{3836AC1B-F359-4729-BAD6-F80C78C8AA97}.Debug|Any CPU.Build.0 = Debug|Any CPU
		{3836AC1B-F359-4729-BAD6-F80C78C8AA97}.Release|Any CPU.ActiveCfg = Release|Any CPU
		{3836AC1B-F359-4729-BAD6-F80C78C8AA97}.Release|Any CPU.Build.0 = Release|Any CPU
		{E2E375DE-F5F4-446D-9FED-41924CA27406}.Debug|Any CPU.ActiveCfg = Debug|Any CPU
		{E2E375DE-F5F4-446D-9FED-41924CA27406}.Debug|Any CPU.Build.0 = Debug|Any CPU
		{E2E375DE-F5F4-446D-9FED-41924CA27406}.Release|Any CPU.ActiveCfg = Release|Any CPU
		{E2E375DE-F5F4-446D-9FED-41924CA27406}.Release|Any CPU.Build.0 = Release|Any CPU
		{CDDA46D2-504F-4982-B4C9-FB03E0B2CE53}.Debug|Any CPU.ActiveCfg = Debug|Any CPU
		{CDDA46D2-504F-4982-B4C9-FB03E0B2CE53}.Debug|Any CPU.Build.0 = Debug|Any CPU
		{CDDA46D2-504F-4982-B4C9-FB03E0B2CE53}.Release|Any CPU.ActiveCfg = Release|Any CPU
		{CDDA46D2-504F-4982-B4C9-FB03E0B2CE53}.Release|Any CPU.Build.0 = Release|Any CPU
		{5A77B3B0-5E40-43AC-935B-BAABC66754DE}.Debug|Any CPU.ActiveCfg = Debug|Any CPU
		{5A77B3B0-5E40-43AC-935B-BAABC66754DE}.Debug|Any CPU.Build.0 = Debug|Any CPU
		{5A77B3B0-5E40-43AC-935B-BAABC66754DE}.Release|Any CPU.ActiveCfg = Release|Any CPU
		{5A77B3B0-5E40-43AC-935B-BAABC66754DE}.Release|Any CPU.Build.0 = Release|Any CPU
		{45F757B3-9594-4F58-957D-DB1943D1EB88}.Debug|Any CPU.ActiveCfg = Debug|Any CPU
		{45F757B3-9594-4F58-957D-DB1943D1EB88}.Debug|Any CPU.Build.0 = Debug|Any CPU
		{45F757B3-9594-4F58-957D-DB1943D1EB88}.Release|Any CPU.ActiveCfg = Release|Any CPU
		{45F757B3-9594-4F58-957D-DB1943D1EB88}.Release|Any CPU.Build.0 = Release|Any CPU
		{BEEDBEDD-B6B8-44D0-B8B6-16D237BE0B49}.Debug|Any CPU.ActiveCfg = Debug|Any CPU
		{BEEDBEDD-B6B8-44D0-B8B6-16D237BE0B49}.Debug|Any CPU.Build.0 = Debug|Any CPU
		{BEEDBEDD-B6B8-44D0-B8B6-16D237BE0B49}.Release|Any CPU.ActiveCfg = Release|Any CPU
		{BEEDBEDD-B6B8-44D0-B8B6-16D237BE0B49}.Release|Any CPU.Build.0 = Release|Any CPU
		{4B1B9D44-37B8-4948-A1C2-8AC3B1C113F7}.Debug|Any CPU.ActiveCfg = Debug|Any CPU
		{4B1B9D44-37B8-4948-A1C2-8AC3B1C113F7}.Debug|Any CPU.Build.0 = Debug|Any CPU
		{4B1B9D44-37B8-4948-A1C2-8AC3B1C113F7}.Release|Any CPU.ActiveCfg = Release|Any CPU
		{4B1B9D44-37B8-4948-A1C2-8AC3B1C113F7}.Release|Any CPU.Build.0 = Release|Any CPU
		{C72C0428-9AC2-4E98-998C-A072971FA040}.Debug|Any CPU.ActiveCfg = Debug|Any CPU
		{C72C0428-9AC2-4E98-998C-A072971FA040}.Debug|Any CPU.Build.0 = Debug|Any CPU
		{C72C0428-9AC2-4E98-998C-A072971FA040}.Release|Any CPU.ActiveCfg = Release|Any CPU
		{C72C0428-9AC2-4E98-998C-A072971FA040}.Release|Any CPU.Build.0 = Release|Any CPU
		{FB7C0FBE-B8D0-475E-BF74-DE90DA0E9FFA}.Debug|Any CPU.ActiveCfg = Debug|Any CPU
		{FB7C0FBE-B8D0-475E-BF74-DE90DA0E9FFA}.Debug|Any CPU.Build.0 = Debug|Any CPU
		{FB7C0FBE-B8D0-475E-BF74-DE90DA0E9FFA}.Release|Any CPU.ActiveCfg = Release|Any CPU
		{FB7C0FBE-B8D0-475E-BF74-DE90DA0E9FFA}.Release|Any CPU.Build.0 = Release|Any CPU
		{8A61915C-0F97-49AA-AB3F-036B07FE7104}.Debug|Any CPU.ActiveCfg = Debug|Any CPU
		{8A61915C-0F97-49AA-AB3F-036B07FE7104}.Debug|Any CPU.Build.0 = Debug|Any CPU
		{8A61915C-0F97-49AA-AB3F-036B07FE7104}.Release|Any CPU.ActiveCfg = Release|Any CPU
		{8A61915C-0F97-49AA-AB3F-036B07FE7104}.Release|Any CPU.Build.0 = Release|Any CPU
		{E1C29C66-4D1A-4B67-AD52-9A4380438421}.Debug|Any CPU.ActiveCfg = Debug|Any CPU
		{E1C29C66-4D1A-4B67-AD52-9A4380438421}.Debug|Any CPU.Build.0 = Debug|Any CPU
		{E1C29C66-4D1A-4B67-AD52-9A4380438421}.Release|Any CPU.ActiveCfg = Release|Any CPU
		{E1C29C66-4D1A-4B67-AD52-9A4380438421}.Release|Any CPU.Build.0 = Release|Any CPU
	EndGlobalSection
	GlobalSection(SolutionProperties) = preSolution
		HideSolutionNode = FALSE
	EndGlobalSection
	GlobalSection(NestedProjects) = preSolution
		{3836AC1B-F359-4729-BAD6-F80C78C8AA97} = {051F1028-8EC4-403B-80E9-018846CBA1E9}
		{E2E375DE-F5F4-446D-9FED-41924CA27406} = {20EDE552-B1C9-4B8A-9D2C-A8831ED89586}
		{CDDA46D2-504F-4982-B4C9-FB03E0B2CE53} = {20EDE552-B1C9-4B8A-9D2C-A8831ED89586}
		{5A77B3B0-5E40-43AC-935B-BAABC66754DE} = {20EDE552-B1C9-4B8A-9D2C-A8831ED89586}
		{45F757B3-9594-4F58-957D-DB1943D1EB88} = {20EDE552-B1C9-4B8A-9D2C-A8831ED89586}
		{BEEDBEDD-B6B8-44D0-B8B6-16D237BE0B49} = {20EDE552-B1C9-4B8A-9D2C-A8831ED89586}
		{4B1B9D44-37B8-4948-A1C2-8AC3B1C113F7} = {20EDE552-B1C9-4B8A-9D2C-A8831ED89586}
		{C72C0428-9AC2-4E98-998C-A072971FA040} = {20EDE552-B1C9-4B8A-9D2C-A8831ED89586}
		{FB7C0FBE-B8D0-475E-BF74-DE90DA0E9FFA} = {051F1028-8EC4-403B-80E9-018846CBA1E9}
		{8A61915C-0F97-49AA-AB3F-036B07FE7104} = {20EDE552-B1C9-4B8A-9D2C-A8831ED89586}
		{E1C29C66-4D1A-4B67-AD52-9A4380438421} = {051F1028-8EC4-403B-80E9-018846CBA1E9}
	EndGlobalSection
	GlobalSection(ExtensibilityGlobals) = postSolution
		SolutionGuid = {8B705EDB-7324-4171-BC16-139B1E3ABA46}
	EndGlobalSection
EndGlobal
